
Microsoft Visual Studio Solution File, Format Version 12.00
# Visual Studio Version 17
VisualStudioVersion = 17.5.002.0
MinimumVisualStudioVersion = 10.0.40219.1
Project("{9A19103F-16F7-4668-BE54-9A1E7A4F7556}") = "Strategy01", "Strategy01.csproj", "{80ABB743-6A54-402F-B8D4-EFB7E43D6A4E}"
EndProject
Global
	GlobalSection(SolutionConfigurationPlatforms) = preSolution
		Debug|Any CPU = Debug|Any CPU
		Release|Any CPU = Release|Any CPU
	EndGlobalSection
	GlobalSection(ProjectConfigurationPlatforms) = postSolution
		{80ABB743-6A54-402F-B8D4-EFB7E43D6A4E}.Debug|Any CPU.ActiveCfg = Debug|Any CPU
		{80ABB743-6A54-402F-B8D4-EFB7E43D6A4E}.Debug|Any CPU.Build.0 = Debug|Any CPU
		{80ABB743-6A54-402F-B8D4-EFB7E43D6A4E}.Release|Any CPU.ActiveCfg = Release|Any CPU
		{80ABB743-6A54-402F-B8D4-EFB7E43D6A4E}.Release|Any CPU.Build.0 = Release|Any CPU
	EndGlobalSection
	GlobalSection(SolutionProperties) = preSolution
		HideSolutionNode = FALSE
	EndGlobalSection
	GlobalSection(ExtensibilityGlobals) = postSolution
		SolutionGuid = {99EE00C5-4D61-4BB0-BD7F-CF65FF9EEEF1}
	EndGlobalSection
EndGlobal
